// !$*UTF8*$!
{
	archiveVersion = 1;
	classes = {
	};
	objectVersion = 51;
	objects = {

/* Begin PBXBuildFile section */
		5A9977984A447DED696B1633 /* Pods_RequestDemo.framework in Frameworks */ = {isa = PBXBuildFile; fileRef = CF9B1831C4967BC6247F9BD8 /* Pods_RequestDemo.framework */; };
		CE47F762260F398C00657CD0 /* AppDelegate.swift in Sources */ = {isa = PBXBuildFile; fileRef = CE47F761260F398C00657CD0 /* AppDelegate.swift */; };
		CE47F779260F398F00657CD0 /* RequestDemoTests.swift in Sources */ = {isa = PBXBuildFile; fileRef = CE47F778260F398F00657CD0 /* RequestDemoTests.swift */; };
		CE47F784260F398F00657CD0 /* RequestDemoUITests.swift in Sources */ = {isa = PBXBuildFile; fileRef = CE47F783260F398F00657CD0 /* RequestDemoUITests.swift */; };
		CE47F7C9260F3F5E00657CD0 /* Assets.xcassets in Resources */ = {isa = PBXBuildFile; fileRef = CE47F7C8260F3F5E00657CD0 /* Assets.xcassets */; };
		CE47F7D6260F43E700657CD0 /* UIViewExtensions.swift in Sources */ = {isa = PBXBuildFile; fileRef = CE47F7D5260F43E700657CD0 /* UIViewExtensions.swift */; };
		CE47F7DE260F43FD00657CD0 /* Constant.swift in Sources */ = {isa = PBXBuildFile; fileRef = CE47F7DA260F43FD00657CD0 /* Constant.swift */; };
		CE47F7DF260F43FD00657CD0 /* UserDefaultKeyHeader.swift in Sources */ = {isa = PBXBuildFile; fileRef = CE47F7DB260F43FD00657CD0 /* UserDefaultKeyHeader.swift */; };
		CE47F7E0260F43FD00657CD0 /* DeviceSizeHeader.swift in Sources */ = {isa = PBXBuildFile; fileRef = CE47F7DC260F43FD00657CD0 /* DeviceSizeHeader.swift */; };
		CE47F7E1260F43FD00657CD0 /* NotificationHeader.swift in Sources */ = {isa = PBXBuildFile; fileRef = CE47F7DD260F43FD00657CD0 /* NotificationHeader.swift */; };
		CE95572A260F5881006C3F7C /* Cache.swift in Sources */ = {isa = PBXBuildFile; fileRef = CE955729260F5881006C3F7C /* Cache.swift */; };
		CE955739260F78EA006C3F7C /* ArrayExtensions.swift in Sources */ = {isa = PBXBuildFile; fileRef = CE955736260F78EA006C3F7C /* ArrayExtensions.swift */; };
		CE955759260F84C4006C3F7C /* LocalErrorCode.swift in Sources */ = {isa = PBXBuildFile; fileRef = CE955758260F84C4006C3F7C /* LocalErrorCode.swift */; };
		CE95575E260F84DC006C3F7C /* RequestModel.swift in Sources */ = {isa = PBXBuildFile; fileRef = CE95575D260F84DC006C3F7C /* RequestModel.swift */; };
		CE955768260F84F1006C3F7C /* NetworkClient.swift in Sources */ = {isa = PBXBuildFile; fileRef = CE955767260F84F1006C3F7C /* NetworkClient.swift */; };
		CE955774260F8684006C3F7C /* TimeTools.swift in Sources */ = {isa = PBXBuildFile; fileRef = CE955773260F8684006C3F7C /* TimeTools.swift */; };
		CE95577A260F86E3006C3F7C /* JsonTool.swift in Sources */ = {isa = PBXBuildFile; fileRef = CE955779260F86E3006C3F7C /* JsonTool.swift */; };
/* End PBXBuildFile section */

/* Begin PBXContainerItemProxy section */
		CE47F775260F398F00657CD0 /* PBXContainerItemProxy */ = {
			isa = PBXContainerItemProxy;
			containerPortal = CE47F756260F398C00657CD0 /* Project object */;
			proxyType = 1;
			remoteGlobalIDString = CE47F75D260F398C00657CD0;
			remoteInfo = RequestDemo;
		};
		CE47F780260F398F00657CD0 /* PBXContainerItemProxy */ = {
			isa = PBXContainerItemProxy;
			containerPortal = CE47F756260F398C00657CD0 /* Project object */;
			proxyType = 1;
			remoteGlobalIDString = CE47F75D260F398C00657CD0;
			remoteInfo = RequestDemo;
		};
/* End PBXContainerItemProxy section */

/* Begin PBXFileReference section */
		CE47F75E260F398C00657CD0 /* RequestDemo.app */ = {isa = PBXFileReference; explicitFileType = wrapper.application; includeInIndex = 0; path = RequestDemo.app; sourceTree = BUILT_PRODUCTS_DIR; };
		CE47F761260F398C00657CD0 /* AppDelegate.swift */ = {isa = PBXFileReference; lastKnownFileType = sourcecode.swift; path = AppDelegate.swift; sourceTree = "<group>"; };
		CE47F76F260F398E00657CD0 /* Info.plist */ = {isa = PBXFileReference; lastKnownFileType = text.plist.xml; path = Info.plist; sourceTree = "<group>"; };
		CE47F774260F398F00657CD0 /* RequestDemoTests.xctest */ = {isa = PBXFileReference; explicitFileType = wrapper.cfbundle; includeInIndex = 0; path = RequestDemoTests.xctest; sourceTree = BUILT_PRODUCTS_DIR; };
		CE47F778260F398F00657CD0 /* RequestDemoTests.swift */ = {isa = PBXFileReference; lastKnownFileType = sourcecode.swift; path = RequestDemoTests.swift; sourceTree = "<group>"; };
		CE47F77A260F398F00657CD0 /* Info.plist */ = {isa = PBXFileReference; lastKnownFileType = text.plist.xml; path = Info.plist; sourceTree = "<group>"; };
		CE47F77F260F398F00657CD0 /* RequestDemoUITests.xctest */ = {isa = PBXFileReference; explicitFileType = wrapper.cfbundle; includeInIndex = 0; path = RequestDemoUITests.xctest; sourceTree = BUILT_PRODUCTS_DIR; };
		CE47F783260F398F00657CD0 /* RequestDemoUITests.swift */ = {isa = PBXFileReference; lastKnownFileType = sourcecode.swift; path = RequestDemoUITests.swift; sourceTree = "<group>"; };
		CE47F785260F398F00657CD0 /* Info.plist */ = {isa = PBXFileReference; lastKnownFileType = text.plist.xml; path = Info.plist; sourceTree = "<group>"; };
		CE47F7C8260F3F5E00657CD0 /* Assets.xcassets */ = {isa = PBXFileReference; lastKnownFileType = folder.assetcatalog; name = Assets.xcassets; path = Resource/Assets.xcassets; sourceTree = "<group>"; };
		CE47F7D5260F43E700657CD0 /* UIViewExtensions.swift */ = {isa = PBXFileReference; fileEncoding = 4; lastKnownFileType = sourcecode.swift; name = UIViewExtensions.swift; path = Utills/UIkitExtend/UIViewExtensions.swift; sourceTree = "<group>"; };
		CE47F7DA260F43FD00657CD0 /* Constant.swift */ = {isa = PBXFileReference; fileEncoding = 4; lastKnownFileType = sourcecode.swift; name = Constant.swift; path = CommonHeader/Constant.swift; sourceTree = "<group>"; };
		CE47F7DB260F43FD00657CD0 /* UserDefaultKeyHeader.swift */ = {isa = PBXFileReference; fileEncoding = 4; lastKnownFileType = sourcecode.swift; name = UserDefaultKeyHeader.swift; path = CommonHeader/UserDefaultKeyHeader.swift; sourceTree = "<group>"; };
		CE47F7DC260F43FD00657CD0 /* DeviceSizeHeader.swift */ = {isa = PBXFileReference; fileEncoding = 4; lastKnownFileType = sourcecode.swift; name = DeviceSizeHeader.swift; path = CommonHeader/DeviceSizeHeader.swift; sourceTree = "<group>"; };
		CE47F7DD260F43FD00657CD0 /* NotificationHeader.swift */ = {isa = PBXFileReference; fileEncoding = 4; lastKnownFileType = sourcecode.swift; name = NotificationHeader.swift; path = CommonHeader/NotificationHeader.swift; sourceTree = "<group>"; };
		CE955729260F5881006C3F7C /* Cache.swift */ = {isa = PBXFileReference; lastKnownFileType = sourcecode.swift; path = Cache.swift; sourceTree = "<group>"; };
		CE955736260F78EA006C3F7C /* ArrayExtensions.swift */ = {isa = PBXFileReference; fileEncoding = 4; lastKnownFileType = sourcecode.swift; name = ArrayExtensions.swift; path = Utills/FoundationExtend/ArrayExtensions.swift; sourceTree = "<group>"; };
		CE955758260F84C4006C3F7C /* LocalErrorCode.swift */ = {isa = PBXFileReference; fileEncoding = 4; lastKnownFileType = sourcecode.swift; name = LocalErrorCode.swift; path = Network/LocalErrorCode/LocalErrorCode.swift; sourceTree = "<group>"; };
		CE95575D260F84DC006C3F7C /* RequestModel.swift */ = {isa = PBXFileReference; fileEncoding = 4; lastKnownFileType = sourcecode.swift; name = RequestModel.swift; path = Network/RequestModel/RequestModel.swift; sourceTree = "<group>"; };
		CE955767260F84F1006C3F7C /* NetworkClient.swift */ = {isa = PBXFileReference; fileEncoding = 4; lastKnownFileType = sourcecode.swift; name = NetworkClient.swift; path = Network/NetworkClient/NetworkClient.swift; sourceTree = "<group>"; };
		CE955773260F8684006C3F7C /* TimeTools.swift */ = {isa = PBXFileReference; fileEncoding = 4; lastKnownFileType = sourcecode.swift; name = TimeTools.swift; path = Utills/TimeTools/TimeTools.swift; sourceTree = "<group>"; };
		CE955779260F86E3006C3F7C /* JsonTool.swift */ = {isa = PBXFileReference; lastKnownFileType = sourcecode.swift; name = JsonTool.swift; path = Utills/JsonTool/JsonTool.swift; sourceTree = "<group>"; };
		CF9B1831C4967BC6247F9BD8 /* Pods_RequestDemo.framework */ = {isa = PBXFileReference; explicitFileType = wrapper.framework; includeInIndex = 0; path = Pods_RequestDemo.framework; sourceTree = BUILT_PRODUCTS_DIR; };
		E0D0DD8BC00638935AEC5B89 /* Pods-RequestDemo.release.xcconfig */ = {isa = PBXFileReference; includeInIndex = 1; lastKnownFileType = text.xcconfig; name = "Pods-RequestDemo.release.xcconfig"; path = "Target Support Files/Pods-RequestDemo/Pods-RequestDemo.release.xcconfig"; sourceTree = "<group>"; };
		FD0127DD43AAB2259988A25C /* Pods-RequestDemo.debug.xcconfig */ = {isa = PBXFileReference; includeInIndex = 1; lastKnownFileType = text.xcconfig; name = "Pods-RequestDemo.debug.xcconfig"; path = "Target Support Files/Pods-RequestDemo/Pods-RequestDemo.debug.xcconfig"; sourceTree = "<group>"; };
/* End PBXFileReference section */

/* Begin PBXFrameworksBuildPhase section */
		CE47F75B260F398C00657CD0 /* Frameworks */ = {
			isa = PBXFrameworksBuildPhase;
			buildActionMask = 2147483647;
			files = (
				5A9977984A447DED696B1633 /* Pods_RequestDemo.framework in Frameworks */,
			);
			runOnlyForDeploymentPostprocessing = 0;
		};
		CE47F771260F398F00657CD0 /* Frameworks */ = {
			isa = PBXFrameworksBuildPhase;
			buildActionMask = 2147483647;
			files = (
			);
			runOnlyForDeploymentPostprocessing = 0;
		};
		CE47F77C260F398F00657CD0 /* Frameworks */ = {
			isa = PBXFrameworksBuildPhase;
			buildActionMask = 2147483647;
			files = (
			);
			runOnlyForDeploymentPostprocessing = 0;
		};
/* End PBXFrameworksBuildPhase section */

/* Begin PBXGroup section */
		4F103843A98337B3F68DBF49 /* Frameworks */ = {
			isa = PBXGroup;
			children = (
				CF9B1831C4967BC6247F9BD8 /* Pods_RequestDemo.framework */,
			);
			name = Frameworks;
			sourceTree = "<group>";
		};
		C0EA4D59EBC4FD42C15058E3 /* Pods */ = {
			isa = PBXGroup;
			children = (
				FD0127DD43AAB2259988A25C /* Pods-RequestDemo.debug.xcconfig */,
				E0D0DD8BC00638935AEC5B89 /* Pods-RequestDemo.release.xcconfig */,
			);
			path = Pods;
			sourceTree = "<group>";
		};
		CE47F755260F398C00657CD0 = {
			isa = PBXGroup;
			children = (
				CE47F760260F398C00657CD0 /* RequestDemo */,
				CE47F777260F398F00657CD0 /* RequestDemoTests */,
				CE47F782260F398F00657CD0 /* RequestDemoUITests */,
				CE47F75F260F398C00657CD0 /* Products */,
				C0EA4D59EBC4FD42C15058E3 /* Pods */,
				4F103843A98337B3F68DBF49 /* Frameworks */,
			);
			sourceTree = "<group>";
		};
		CE47F75F260F398C00657CD0 /* Products */ = {
			isa = PBXGroup;
			children = (
				CE47F75E260F398C00657CD0 /* RequestDemo.app */,
				CE47F774260F398F00657CD0 /* RequestDemoTests.xctest */,
				CE47F77F260F398F00657CD0 /* RequestDemoUITests.xctest */,
			);
			name = Products;
			sourceTree = "<group>";
		};
		CE47F760260F398C00657CD0 /* RequestDemo */ = {
			isa = PBXGroup;
			children = (
				CE47F761260F398C00657CD0 /* AppDelegate.swift */,
				CE47F7FB260F519900657CD0 /* Network(网络请求) */,
				CE47F7FA260F514200657CD0 /* DataManager(数据管理) */,
				CE47F7D1260F412200657CD0 /* ModuleClass(模块) */,
				CE47F7D4260F424600657CD0 /* CommonHeader(常量,枚举) */,
				CE47F7D2260F415F00657CD0 /* Utills(工具类) */,
				CE47F7B3260F3D7900657CD0 /* Resource(资源文件) */,
				CE47F76F260F398E00657CD0 /* Info.plist */,
			);
			path = RequestDemo;
			sourceTree = "<group>";
		};
		CE47F777260F398F00657CD0 /* RequestDemoTests */ = {
			isa = PBXGroup;
			children = (
				CE47F778260F398F00657CD0 /* RequestDemoTests.swift */,
				CE47F77A260F398F00657CD0 /* Info.plist */,
			);
			path = RequestDemoTests;
			sourceTree = "<group>";
		};
		CE47F782260F398F00657CD0 /* RequestDemoUITests */ = {
			isa = PBXGroup;
			children = (
				CE47F783260F398F00657CD0 /* RequestDemoUITests.swift */,
				CE47F785260F398F00657CD0 /* Info.plist */,
			);
			path = RequestDemoUITests;
			sourceTree = "<group>";
		};
		CE47F7B3260F3D7900657CD0 /* Resource(资源文件) */ = {
			isa = PBXGroup;
			children = (
				CE47F7C8260F3F5E00657CD0 /* Assets.xcassets */,
			);
			name = "Resource(资源文件)";
			sourceTree = "<group>";
		};
		CE47F7D1260F412200657CD0 /* ModuleClass(模块) */ = {
			isa = PBXGroup;
			children = (
				CE47F7F6260F4DF800657CD0 /* mainList */,
			);
			name = "ModuleClass(模块)";
			sourceTree = "<group>";
		};
		CE47F7D2260F415F00657CD0 /* Utills(工具类) */ = {
			isa = PBXGroup;
			children = (
				CE955778260F86A3006C3F7C /* JsonTool(Json转换工具) */,
				CE955772260F866E006C3F7C /* TimeTools(时间工具类) */,
				CE955733260F7896006C3F7C /* FoundationExtend(Foundation各种扩展) */,
				CE47F7D3260F419200657CD0 /* UIkitExtend(UIkit扩展) */,
			);
			name = "Utills(工具类)";
			sourceTree = "<group>";
		};
		CE47F7D3260F419200657CD0 /* UIkitExtend(UIkit扩展) */ = {
			isa = PBXGroup;
			children = (
				CE47F7D5260F43E700657CD0 /* UIViewExtensions.swift */,
			);
			name = "UIkitExtend(UIkit扩展)";
			sourceTree = "<group>";
		};
		CE47F7D4260F424600657CD0 /* CommonHeader(常量,枚举) */ = {
			isa = PBXGroup;
			children = (
				CE47F7DA260F43FD00657CD0 /* Constant.swift */,
				CE47F7DC260F43FD00657CD0 /* DeviceSizeHeader.swift */,
				CE47F7DD260F43FD00657CD0 /* NotificationHeader.swift */,
				CE47F7DB260F43FD00657CD0 /* UserDefaultKeyHeader.swift */,
			);
			name = "CommonHeader(常量,枚举)";
			sourceTree = "<group>";
		};
		CE47F7F6260F4DF800657CD0 /* mainList */ = {
			isa = PBXGroup;
			children = (
			);
			name = mainList;
			sourceTree = "<group>";
		};
		CE47F7FA260F514200657CD0 /* DataManager(数据管理) */ = {
			isa = PBXGroup;
			children = (
				CE955729260F5881006C3F7C /* Cache.swift */,
			);
			name = "DataManager(数据管理)";
			sourceTree = "<group>";
		};
		CE47F7FB260F519900657CD0 /* Network(网络请求) */ = {
			isa = PBXGroup;
			children = (
				CE955757260F849F006C3F7C /* LocalErrorCode(自定义错误码) */,
				CE955756260F8436006C3F7C /* RequestModel(请求模型) */,
				CE955754260F83E2006C3F7C /* NetworkClient(管理器) */,
			);
			name = "Network(网络请求)";
			sourceTree = "<group>";
		};
		CE955733260F7896006C3F7C /* FoundationExtend(Foundation各种扩展) */ = {
			isa = PBXGroup;
			children = (
				CE955736260F78EA006C3F7C /* ArrayExtensions.swift */,
			);
			name = "FoundationExtend(Foundation各种扩展)";
			sourceTree = "<group>";
		};
		CE955754260F83E2006C3F7C /* NetworkClient(管理器) */ = {
			isa = PBXGroup;
			children = (
				CE955767260F84F1006C3F7C /* NetworkClient.swift */,
			);
			name = "NetworkClient(管理器)";
			sourceTree = "<group>";
		};
		CE955756260F8436006C3F7C /* RequestModel(请求模型) */ = {
			isa = PBXGroup;
			children = (
				CE95575D260F84DC006C3F7C /* RequestModel.swift */,
			);
			name = "RequestModel(请求模型)";
			sourceTree = "<group>";
		};
		CE955757260F849F006C3F7C /* LocalErrorCode(自定义错误码) */ = {
			isa = PBXGroup;
			children = (
				CE955758260F84C4006C3F7C /* LocalErrorCode.swift */,
			);
			name = "LocalErrorCode(自定义错误码)";
			sourceTree = "<group>";
		};
		CE955772260F866E006C3F7C /* TimeTools(时间工具类) */ = {
			isa = PBXGroup;
			children = (
				CE955773260F8684006C3F7C /* TimeTools.swift */,
			);
			name = "TimeTools(时间工具类)";
			sourceTree = "<group>";
		};
		CE955778260F86A3006C3F7C /* JsonTool(Json转换工具) */ = {
			isa = PBXGroup;
			children = (
				CE955779260F86E3006C3F7C /* JsonTool.swift */,
			);
			name = "JsonTool(Json转换工具)";
			sourceTree = "<group>";
		};
/* End PBXGroup section */

/* Begin PBXNativeTarget section */
		CE47F75D260F398C00657CD0 /* RequestDemo */ = {
			isa = PBXNativeTarget;
			buildConfigurationList = CE47F788260F398F00657CD0 /* Build configuration list for PBXNativeTarget "RequestDemo" */;
			buildPhases = (
				55CE8642E453BC4A92A8CACA /* [CP] Check Pods Manifest.lock */,
				CE47F75A260F398C00657CD0 /* Sources */,
				CE47F75B260F398C00657CD0 /* Frameworks */,
				CE47F75C260F398C00657CD0 /* Resources */,
				F40FEC7D75B89E2A8439463E /* [CP] Embed Pods Frameworks */,
				CE47F7EB260F44DB00657CD0 /* SwiftLint */,
			);
			buildRules = (
			);
			dependencies = (
			);
			name = RequestDemo;
			productName = RequestDemo;
			productReference = CE47F75E260F398C00657CD0 /* RequestDemo.app */;
			productType = "com.apple.product-type.application";
		};
		CE47F773260F398F00657CD0 /* RequestDemoTests */ = {
			isa = PBXNativeTarget;
			buildConfigurationList = CE47F78B260F398F00657CD0 /* Build configuration list for PBXNativeTarget "RequestDemoTests" */;
			buildPhases = (
				CE47F770260F398F00657CD0 /* Sources */,
				CE47F771260F398F00657CD0 /* Frameworks */,
				CE47F772260F398F00657CD0 /* Resources */,
			);
			buildRules = (
			);
			dependencies = (
				CE47F776260F398F00657CD0 /* PBXTargetDependency */,
			);
			name = RequestDemoTests;
			productName = RequestDemoTests;
			productReference = CE47F774260F398F00657CD0 /* RequestDemoTests.xctest */;
			productType = "com.apple.product-type.bundle.unit-test";
		};
		CE47F77E260F398F00657CD0 /* RequestDemoUITests */ = {
			isa = PBXNativeTarget;
			buildConfigurationList = CE47F78E260F398F00657CD0 /* Build configuration list for PBXNativeTarget "RequestDemoUITests" */;
			buildPhases = (
				CE47F77B260F398F00657CD0 /* Sources */,
				CE47F77C260F398F00657CD0 /* Frameworks */,
				CE47F77D260F398F00657CD0 /* Resources */,
			);
			buildRules = (
			);
			dependencies = (
				CE47F781260F398F00657CD0 /* PBXTargetDependency */,
			);
			name = RequestDemoUITests;
			productName = RequestDemoUITests;
			productReference = CE47F77F260F398F00657CD0 /* RequestDemoUITests.xctest */;
			productType = "com.apple.product-type.bundle.ui-testing";
		};
/* End PBXNativeTarget section */

/* Begin PBXProject section */
		CE47F756260F398C00657CD0 /* Project object */ = {
			isa = PBXProject;
			attributes = {
				LastSwiftUpdateCheck = 1240;
				LastUpgradeCheck = 1240;
				TargetAttributes = {
					CE47F75D260F398C00657CD0 = {
						CreatedOnToolsVersion = 12.4;
					};
					CE47F773260F398F00657CD0 = {
						CreatedOnToolsVersion = 12.4;
						TestTargetID = CE47F75D260F398C00657CD0;
					};
					CE47F77E260F398F00657CD0 = {
						CreatedOnToolsVersion = 12.4;
						TestTargetID = CE47F75D260F398C00657CD0;
					};
				};
			};
			buildConfigurationList = CE47F759260F398C00657CD0 /* Build configuration list for PBXProject "RequestDemo" */;
			compatibilityVersion = "Xcode 9.3";
			developmentRegion = en;
			hasScannedForEncodings = 0;
			knownRegions = (
				en,
				Base,
			);
			mainGroup = CE47F755260F398C00657CD0;
			productRefGroup = CE47F75F260F398C00657CD0 /* Products */;
			projectDirPath = "";
			projectRoot = "";
			targets = (
				CE47F75D260F398C00657CD0 /* RequestDemo */,
				CE47F773260F398F00657CD0 /* RequestDemoTests */,
				CE47F77E260F398F00657CD0 /* RequestDemoUITests */,
			);
		};
/* End PBXProject section */

/* Begin PBXResourcesBuildPhase section */
		CE47F75C260F398C00657CD0 /* Resources */ = {
			isa = PBXResourcesBuildPhase;
			buildActionMask = 2147483647;
			files = (
				CE47F7C9260F3F5E00657CD0 /* Assets.xcassets in Resources */,
			);
			runOnlyForDeploymentPostprocessing = 0;
		};
		CE47F772260F398F00657CD0 /* Resources */ = {
			isa = PBXResourcesBuildPhase;
			buildActionMask = 2147483647;
			files = (
			);
			runOnlyForDeploymentPostprocessing = 0;
		};
		CE47F77D260F398F00657CD0 /* Resources */ = {
			isa = PBXResourcesBuildPhase;
			buildActionMask = 2147483647;
			files = (
			);
			runOnlyForDeploymentPostprocessing = 0;
		};
/* End PBXResourcesBuildPhase section */

/* Begin PBXShellScriptBuildPhase section */
		55CE8642E453BC4A92A8CACA /* [CP] Check Pods Manifest.lock */ = {
			isa = PBXShellScriptBuildPhase;
			buildActionMask = 2147483647;
			files = (
			);
			inputFileListPaths = (
			);
			inputPaths = (
				"${PODS_PODFILE_DIR_PATH}/Podfile.lock",
				"${PODS_ROOT}/Manifest.lock",
			);
			name = "[CP] Check Pods Manifest.lock";
			outputFileListPaths = (
			);
			outputPaths = (
				"$(DERIVED_FILE_DIR)/Pods-RequestDemo-checkManifestLockResult.txt",
			);
			runOnlyForDeploymentPostprocessing = 0;
			shellPath = /bin/sh;
			shellScript = "diff \"${PODS_PODFILE_DIR_PATH}/Podfile.lock\" \"${PODS_ROOT}/Manifest.lock\" > /dev/null\nif [ $? != 0 ] ; then\n    # print error to STDERR\n    echo \"error: The sandbox is not in sync with the Podfile.lock. Run 'pod install' or update your CocoaPods installation.\" >&2\n    exit 1\nfi\n# This output is used by Xcode 'outputs' to avoid re-running this script phase.\necho \"SUCCESS\" > \"${SCRIPT_OUTPUT_FILE_0}\"\n";
			showEnvVarsInLog = 0;
		};
		CE47F7EB260F44DB00657CD0 /* SwiftLint */ = {
			isa = PBXShellScriptBuildPhase;
			buildActionMask = 2147483647;
			files = (
			);
			inputFileListPaths = (
			);
			inputPaths = (
			);
			name = SwiftLint;
			outputFileListPaths = (
			);
			outputPaths = (
			);
			runOnlyForDeploymentPostprocessing = 0;
			shellPath = /bin/sh;
			shellScript = "\"${PODS_ROOT}/SwiftLint/swiftlint\"\n";
		};
		F40FEC7D75B89E2A8439463E /* [CP] Embed Pods Frameworks */ = {
			isa = PBXShellScriptBuildPhase;
			buildActionMask = 2147483647;
			files = (
			);
			inputFileListPaths = (
				"${PODS_ROOT}/Target Support Files/Pods-RequestDemo/Pods-RequestDemo-frameworks-${CONFIGURATION}-input-files.xcfilelist",
			);
			name = "[CP] Embed Pods Frameworks";
			outputFileListPaths = (
				"${PODS_ROOT}/Target Support Files/Pods-RequestDemo/Pods-RequestDemo-frameworks-${CONFIGURATION}-output-files.xcfilelist",
			);
			runOnlyForDeploymentPostprocessing = 0;
			shellPath = /bin/sh;
			shellScript = "\"${PODS_ROOT}/Target Support Files/Pods-RequestDemo/Pods-RequestDemo-frameworks.sh\"\n";
			showEnvVarsInLog = 0;
		};
/* End PBXShellScriptBuildPhase section */

/* Begin PBXSourcesBuildPhase section */
		CE47F75A260F398C00657CD0 /* Sources */ = {
			isa = PBXSourcesBuildPhase;
			buildActionMask = 2147483647;
			files = (
				CE955768260F84F1006C3F7C /* NetworkClient.swift in Sources */,
				CE955739260F78EA006C3F7C /* ArrayExtensions.swift in Sources */,
				CE95575E260F84DC006C3F7C /* RequestModel.swift in Sources */,
				CE955759260F84C4006C3F7C /* LocalErrorCode.swift in Sources */,
				CE47F7E1260F43FD00657CD0 /* NotificationHeader.swift in Sources */,
				CE955774260F8684006C3F7C /* TimeTools.swift in Sources */,
				CE47F7D6260F43E700657CD0 /* UIViewExtensions.swift in Sources */,
				CE95577A260F86E3006C3F7C /* JsonTool.swift in Sources */,
				CE47F7E0260F43FD00657CD0 /* DeviceSizeHeader.swift in Sources */,
				CE47F762260F398C00657CD0 /* AppDelegate.swift in Sources */,
				CE47F7DF260F43FD00657CD0 /* UserDefaultKeyHeader.swift in Sources */,
				CE95572A260F5881006C3F7C /* Cache.swift in Sources */,
				CE47F7DE260F43FD00657CD0 /* Constant.swift in Sources */,
			);
			runOnlyForDeploymentPostprocessing = 0;
		};
		CE47F770260F398F00657CD0 /* Sources */ = {
			isa = PBXSourcesBuildPhase;
			buildActionMask = 2147483647;
			files = (
				CE47F779260F398F00657CD0 /* RequestDemoTests.swift in Sources */,
			);
			runOnlyForDeploymentPostprocessing = 0;
		};
		CE47F77B260F398F00657CD0 /* Sources */ = {
			isa = PBXSourcesBuildPhase;
			buildActionMask = 2147483647;
			files = (
				CE47F784260F398F00657CD0 /* RequestDemoUITests.swift in Sources */,
			);
			runOnlyForDeploymentPostprocessing = 0;
		};
/* End PBXSourcesBuildPhase section */

/* Begin PBXTargetDependency section */
		CE47F776260F398F00657CD0 /* PBXTargetDependency */ = {
			isa = PBXTargetDependency;
			target = CE47F75D260F398C00657CD0 /* RequestDemo */;
			targetProxy = CE47F775260F398F00657CD0 /* PBXContainerItemProxy */;
		};
		CE47F781260F398F00657CD0 /* PBXTargetDependency */ = {
			isa = PBXTargetDependency;
			target = CE47F75D260F398C00657CD0 /* RequestDemo */;
			targetProxy = CE47F780260F398F00657CD0 /* PBXContainerItemProxy */;
		};
/* End PBXTargetDependency section */

/* Begin XCBuildConfiguration section */
		CE47F786260F398F00657CD0 /* Debug */ = {
			isa = XCBuildConfiguration;
			buildSettings = {
				ALWAYS_SEARCH_USER_PATHS = NO;
				CLANG_ANALYZER_NONNULL = YES;
				CLANG_ANALYZER_NUMBER_OBJECT_CONVERSION = YES_AGGRESSIVE;
				CLANG_CXX_LANGUAGE_STANDARD = "gnu++14";
				CLANG_CXX_LIBRARY = "libc++";
				CLANG_ENABLE_MODULES = YES;
				CLANG_ENABLE_OBJC_ARC = YES;
				CLANG_ENABLE_OBJC_WEAK = YES;
				CLANG_WARN_BLOCK_CAPTURE_AUTORELEASING = YES;
				CLANG_WARN_BOOL_CONVERSION = YES;
				CLANG_WARN_COMMA = YES;
				CLANG_WARN_CONSTANT_CONVERSION = YES;
				CLANG_WARN_DEPRECATED_OBJC_IMPLEMENTATIONS = YES;
				CLANG_WARN_DIRECT_OBJC_ISA_USAGE = YES_ERROR;
				CLANG_WARN_DOCUMENTATION_COMMENTS = YES;
				CLANG_WARN_EMPTY_BODY = YES;
				CLANG_WARN_ENUM_CONVERSION = YES;
				CLANG_WARN_INFINITE_RECURSION = YES;
				CLANG_WARN_INT_CONVERSION = YES;
				CLANG_WARN_NON_LITERAL_NULL_CONVERSION = YES;
				CLANG_WARN_OBJC_IMPLICIT_RETAIN_SELF = YES;
				CLANG_WARN_OBJC_LITERAL_CONVERSION = YES;
				CLANG_WARN_OBJC_ROOT_CLASS = YES_ERROR;
				CLANG_WARN_QUOTED_INCLUDE_IN_FRAMEWORK_HEADER = YES;
				CLANG_WARN_RANGE_LOOP_ANALYSIS = YES;
				CLANG_WARN_STRICT_PROTOTYPES = YES;
				CLANG_WARN_SUSPICIOUS_MOVE = YES;
				CLANG_WARN_UNGUARDED_AVAILABILITY = YES_AGGRESSIVE;
				CLANG_WARN_UNREACHABLE_CODE = YES;
				CLANG_WARN__DUPLICATE_METHOD_MATCH = YES;
				COPY_PHASE_STRIP = NO;
				DEBUG_INFORMATION_FORMAT = dwarf;
				ENABLE_STRICT_OBJC_MSGSEND = YES;
				ENABLE_TESTABILITY = YES;
				GCC_C_LANGUAGE_STANDARD = gnu11;
				GCC_DYNAMIC_NO_PIC = NO;
				GCC_NO_COMMON_BLOCKS = YES;
				GCC_OPTIMIZATION_LEVEL = 0;
				GCC_PREPROCESSOR_DEFINITIONS = (
					"DEBUG=1",
					"$(inherited)",
				);
				GCC_WARN_64_TO_32_BIT_CONVERSION = YES;
				GCC_WARN_ABOUT_RETURN_TYPE = YES_ERROR;
				GCC_WARN_UNDECLARED_SELECTOR = YES;
				GCC_WARN_UNINITIALIZED_AUTOS = YES_AGGRESSIVE;
				GCC_WARN_UNUSED_FUNCTION = YES;
				GCC_WARN_UNUSED_VARIABLE = YES;
				IPHONEOS_DEPLOYMENT_TARGET = 13.0;
				MTL_ENABLE_DEBUG_INFO = INCLUDE_SOURCE;
				MTL_FAST_MATH = YES;
				ONLY_ACTIVE_ARCH = YES;
				SDKROOT = iphoneos;
				SWIFT_ACTIVE_COMPILATION_CONDITIONS = DEBUG;
				SWIFT_OPTIMIZATION_LEVEL = "-Onone";
			};
			name = Debug;
		};
		CE47F787260F398F00657CD0 /* Release */ = {
			isa = XCBuildConfiguration;
			buildSettings = {
				ALWAYS_SEARCH_USER_PATHS = NO;
				CLANG_ANALYZER_NONNULL = YES;
				CLANG_ANALYZER_NUMBER_OBJECT_CONVERSION = YES_AGGRESSIVE;
				CLANG_CXX_LANGUAGE_STANDARD = "gnu++14";
				CLANG_CXX_LIBRARY = "libc++";
				CLANG_ENABLE_MODULES = YES;
				CLANG_ENABLE_OBJC_ARC = YES;
				CLANG_ENABLE_OBJC_WEAK = YES;
				CLANG_WARN_BLOCK_CAPTURE_AUTORELEASING = YES;
				CLANG_WARN_BOOL_CONVERSION = YES;
				CLANG_WARN_COMMA = YES;
				CLANG_WARN_CONSTANT_CONVERSION = YES;
				CLANG_WARN_DEPRECATED_OBJC_IMPLEMENTATIONS = YES;
				CLANG_WARN_DIRECT_OBJC_ISA_USAGE = YES_ERROR;
				CLANG_WARN_DOCUMENTATION_COMMENTS = YES;
				CLANG_WARN_EMPTY_BODY = YES;
				CLANG_WARN_ENUM_CONVERSION = YES;
				CLANG_WARN_INFINITE_RECURSION = YES;
				CLANG_WARN_INT_CONVERSION = YES;
				CLANG_WARN_NON_LITERAL_NULL_CONVERSION = YES;
				CLANG_WARN_OBJC_IMPLICIT_RETAIN_SELF = YES;
				CLANG_WARN_OBJC_LITERAL_CONVERSION = YES;
				CLANG_WARN_OBJC_ROOT_CLASS = YES_ERROR;
				CLANG_WARN_QUOTED_INCLUDE_IN_FRAMEWORK_HEADER = YES;
				CLANG_WARN_RANGE_LOOP_ANALYSIS = YES;
				CLANG_WARN_STRICT_PROTOTYPES = YES;
				CLANG_WARN_SUSPICIOUS_MOVE = YES;
				CLANG_WARN_UNGUARDED_AVAILABILITY = YES_AGGRESSIVE;
				CLANG_WARN_UNREACHABLE_CODE = YES;
				CLANG_WARN__DUPLICATE_METHOD_MATCH = YES;
				COPY_PHASE_STRIP = NO;
				DEBUG_INFORMATION_FORMAT = "dwarf-with-dsym";
				ENABLE_NS_ASSERTIONS = NO;
				ENABLE_STRICT_OBJC_MSGSEND = YES;
				GCC_C_LANGUAGE_STANDARD = gnu11;
				GCC_NO_COMMON_BLOCKS = YES;
				GCC_WARN_64_TO_32_BIT_CONVERSION = YES;
				GCC_WARN_ABOUT_RETURN_TYPE = YES_ERROR;
				GCC_WARN_UNDECLARED_SELECTOR = YES;
				GCC_WARN_UNINITIALIZED_AUTOS = YES_AGGRESSIVE;
				GCC_WARN_UNUSED_FUNCTION = YES;
				GCC_WARN_UNUSED_VARIABLE = YES;
				IPHONEOS_DEPLOYMENT_TARGET = 13.0;
				MTL_ENABLE_DEBUG_INFO = NO;
				MTL_FAST_MATH = YES;
				SDKROOT = iphoneos;
				SWIFT_COMPILATION_MODE = wholemodule;
				SWIFT_OPTIMIZATION_LEVEL = "-O";
				VALIDATE_PRODUCT = YES;
			};
			name = Release;
		};
		CE47F789260F398F00657CD0 /* Debug */ = {
			isa = XCBuildConfiguration;
			baseConfigurationReference = FD0127DD43AAB2259988A25C /* Pods-RequestDemo.debug.xcconfig */;
			buildSettings = {
				ASSETCATALOG_COMPILER_APPICON_NAME = AppIcon;
				ASSETCATALOG_COMPILER_GLOBAL_ACCENT_COLOR_NAME = AccentColor;
				CODE_SIGN_STYLE = Automatic;
				DEVELOPMENT_TEAM = W89TQ6NN7Z;
				INFOPLIST_FILE = RequestDemo/Info.plist;
				LD_RUNPATH_SEARCH_PATHS = (
					"$(inherited)",
					"@executable_path/Frameworks",
				);
				PRODUCT_BUNDLE_IDENTIFIER = newtype.RequestDemo;
				PRODUCT_NAME = "$(TARGET_NAME)";
				SWIFT_VERSION = 5.0;
				TARGETED_DEVICE_FAMILY = 1;
			};
			name = Debug;
		};
		CE47F78A260F398F00657CD0 /* Release */ = {
			isa = XCBuildConfiguration;
			baseConfigurationReference = E0D0DD8BC00638935AEC5B89 /* Pods-RequestDemo.release.xcconfig */;
			buildSettings = {
				ASSETCATALOG_COMPILER_APPICON_NAME = AppIcon;
				ASSETCATALOG_COMPILER_GLOBAL_ACCENT_COLOR_NAME = AccentColor;
				CODE_SIGN_STYLE = Automatic;
				DEVELOPMENT_TEAM = W89TQ6NN7Z;
				INFOPLIST_FILE = RequestDemo/Info.plist;
				LD_RUNPATH_SEARCH_PATHS = (
					"$(inherited)",
					"@executable_path/Frameworks",
				);
				PRODUCT_BUNDLE_IDENTIFIER = newtype.RequestDemo;
				PRODUCT_NAME = "$(TARGET_NAME)";
				SWIFT_VERSION = 5.0;
				TARGETED_DEVICE_FAMILY = 1;
			};
			name = Release;
		};
		CE47F78C260F398F00657CD0 /* Debug */ = {
			isa = XCBuildConfiguration;
			buildSettings = {
				ALWAYS_EMBED_SWIFT_STANDARD_LIBRARIES = YES;
				BUNDLE_LOADER = "$(TEST_HOST)";
				CODE_SIGN_STYLE = Automatic;
				DEVELOPMENT_TEAM = W89TQ6NN7Z;
				INFOPLIST_FILE = RequestDemoTests/Info.plist;
				IPHONEOS_DEPLOYMENT_TARGET = 14.4;
				LD_RUNPATH_SEARCH_PATHS = (
					"$(inherited)",
					"@executable_path/Frameworks",
					"@loader_path/Frameworks",
				);
				PRODUCT_BUNDLE_IDENTIFIER = newtype.RequestDemoTests;
				PRODUCT_NAME = "$(TARGET_NAME)";
				SWIFT_VERSION = 5.0;
				TARGETED_DEVICE_FAMILY = "1,2";
				TEST_HOST = "$(BUILT_PRODUCTS_DIR)/RequestDemo.app/RequestDemo";
			};
			name = Debug;
		};
		CE47F78D260F398F00657CD0 /* Release */ = {
			isa = XCBuildConfiguration;
			buildSettings = {
				ALWAYS_EMBED_SWIFT_STANDARD_LIBRARIES = YES;
				BUNDLE_LOADER = "$(TEST_HOST)";
				CODE_SIGN_STYLE = Automatic;
				DEVELOPMENT_TEAM = W89TQ6NN7Z;
				INFOPLIST_FILE = RequestDemoTests/Info.plist;
				IPHONEOS_DEPLOYMENT_TARGET = 14.4;
				LD_RUNPATH_SEARCH_PATHS = (
					"$(inherited)",
					"@executable_path/Frameworks",
					"@loader_path/Frameworks",
				);
				PRODUCT_BUNDLE_IDENTIFIER = newtype.RequestDemoTests;
				PRODUCT_NAME = "$(TARGET_NAME)";
				SWIFT_VERSION = 5.0;
				TARGETED_DEVICE_FAMILY = "1,2";
				TEST_HOST = "$(BUILT_PRODUCTS_DIR)/RequestDemo.app/RequestDemo";
			};
			name = Release;
		};
		CE47F78F260F398F00657CD0 /* Debug */ = {
			isa = XCBuildConfiguration;
			buildSettings = {
				ALWAYS_EMBED_SWIFT_STANDARD_LIBRARIES = YES;
				CODE_SIGN_STYLE = Automatic;
				DEVELOPMENT_TEAM = W89TQ6NN7Z;
				INFOPLIST_FILE = RequestDemoUITests/Info.plist;
				LD_RUNPATH_SEARCH_PATHS = (
					"$(inherited)",
					"@executable_path/Frameworks",
					"@loader_path/Frameworks",
				);
				PRODUCT_BUNDLE_IDENTIFIER = newtype.RequestDemoUITests;
				PRODUCT_NAME = "$(TARGET_NAME)";
				SWIFT_VERSION = 5.0;
				TARGETED_DEVICE_FAMILY = "1,2";
				TEST_TARGET_NAME = RequestDemo;
			};
			name = Debug;
		};
		CE47F790260F398F00657CD0 /* Release */ = {
			isa = XCBuildConfiguration;
			buildSettings = {
				ALWAYS_EMBED_SWIFT_STANDARD_LIBRARIES = YES;
				CODE_SIGN_STYLE = Automatic;
				DEVELOPMENT_TEAM = W89TQ6NN7Z;
				INFOPLIST_FILE = RequestDemoUITests/Info.plist;
				LD_RUNPATH_SEARCH_PATHS = (
					"$(inherited)",
					"@executable_path/Frameworks",
					"@loader_path/Frameworks",
				);
				PRODUCT_BUNDLE_IDENTIFIER = newtype.RequestDemoUITests;
				PRODUCT_NAME = "$(TARGET_NAME)";
				SWIFT_VERSION = 5.0;
				TARGETED_DEVICE_FAMILY = "1,2";
				TEST_TARGET_NAME = RequestDemo;
			};
			name = Release;
		};
/* End XCBuildConfiguration section */

/* Begin XCConfigurationList section */
		CE47F759260F398C00657CD0 /* Build configuration list for PBXProject "RequestDemo" */ = {
			isa = XCConfigurationList;
			buildConfigurations = (
				CE47F786260F398F00657CD0 /* Debug */,
				CE47F787260F398F00657CD0 /* Release */,
			);
			defaultConfigurationIsVisible = 0;
			defaultConfigurationName = Release;
		};
		CE47F788260F398F00657CD0 /* Build configuration list for PBXNativeTarget "RequestDemo" */ = {
			isa = XCConfigurationList;
			buildConfigurations = (
				CE47F789260F398F00657CD0 /* Debug */,
				CE47F78A260F398F00657CD0 /* Release */,
			);
			defaultConfigurationIsVisible = 0;
			defaultConfigurationName = Release;
		};
		CE47F78B260F398F00657CD0 /* Build configuration list for PBXNativeTarget "RequestDemoTests" */ = {
			isa = XCConfigurationList;
			buildConfigurations = (
				CE47F78C260F398F00657CD0 /* Debug */,
				CE47F78D260F398F00657CD0 /* Release */,
			);
			defaultConfigurationIsVisible = 0;
			defaultConfigurationName = Release;
		};
		CE47F78E260F398F00657CD0 /* Build configuration list for PBXNativeTarget "RequestDemoUITests" */ = {
			isa = XCConfigurationList;
			buildConfigurations = (
				CE47F78F260F398F00657CD0 /* Debug */,
				CE47F790260F398F00657CD0 /* Release */,
			);
			defaultConfigurationIsVisible = 0;
			defaultConfigurationName = Release;
		};
/* End XCConfigurationList section */
	};
	rootObject = CE47F756260F398C00657CD0 /* Project object */;
}
